{
  "name": "workspace",
  "lockfileVersion": 3,
  "requires": true,
  "packages": {
    "": {
      "name": "workspace",
      "devDependencies": {
        "@ls-lint/ls-lint": "^2.2.1"
      }
    },
    "node_modules/@ls-lint/ls-lint": {
      "version": "2.2.2",
      "resolved": "https://registry.npmjs.org/@ls-lint/ls-lint/-/ls-lint-2.2.2.tgz",
      "integrity": "sha512-gdolCgwveSHZczfKtoVFkf+NZJjd7KRQs9QnLVEiMFEJLK4H7nBrZuC/ASl/AYMZvFmtCocRt3d5E0UF/34vCQ==",
      "cpu": [
        "x64",
        "arm64",
        "s390x"
      ],
      "dev": true,
      "os": [
        "darwin",
        "linux",
        "win32"
      ],
      "bin": {
        "ls-lint": "bin/cli.js"
      }
    }
  }
}
